
Microsoft Visual Studio Solution File, Format Version 12.00
# Visual Studio Version 17
VisualStudioVersion = 17.4.33213.308
MinimumVisualStudioVersion = 10.0.40219.1
Project("{9A19103F-16F7-4668-BE54-9A1E7A4F7556}") = "ModTools", "ModTools\ModTools.csproj", "{4EC7225B-3091-4343-9042-BDCD6A7ECA3F}"
EndProject
Project("{9A19103F-16F7-4668-BE54-9A1E7A4F7556}") = "ContentBuilder", "ContentBuilder\ContentBuilder.csproj", "{90EFD526-3C24-466D-BCF2-0CB0E5AD88FB}"
EndProject
Project("{9A19103F-16F7-4668-BE54-9A1E7A4F7556}") = "Setup", "Setup\Setup.csproj", "{1F527D86-54DB-46DD-9553-9668B1D77BE8}"
EndProject
Project("{FAE04EC0-301F-11D3-BF4B-00C04F79EFBC}") = "UwUMod", "UwUMod\UwUMod.csproj", "{50424EFB-5C5C-4583-8724-961CD213D3C4}"
EndProject
Global
	GlobalSection(SolutionConfigurationPlatforms) = preSolution
		Debug|Any CPU = Debug|Any CPU
		Release|Any CPU = Release|Any CPU
	EndGlobalSection
	GlobalSection(ProjectConfigurationPlatforms) = postSolution
		{4EC7225B-3091-4343-9042-BDCD6A7ECA3F}.Debug|Any CPU.ActiveCfg = Debug|Any CPU
		{4EC7225B-3091-4343-9042-BDCD6A7ECA3F}.Debug|Any CPU.Build.0 = Debug|Any CPU
		{4EC7225B-3091-4343-9042-BDCD6A7ECA3F}.Release|Any CPU.ActiveCfg = Release|Any CPU
		{4EC7225B-3091-4343-9042-BDCD6A7ECA3F}.Release|Any CPU.Build.0 = Release|Any CPU
		{90EFD526-3C24-466D-BCF2-0CB0E5AD88FB}.Debug|Any CPU.ActiveCfg = Debug|Any CPU
		{90EFD526-3C24-466D-BCF2-0CB0E5AD88FB}.Debug|Any CPU.Build.0 = Debug|Any CPU
		{90EFD526-3C24-466D-BCF2-0CB0E5AD88FB}.Release|Any CPU.ActiveCfg = Release|Any CPU
		{90EFD526-3C24-466D-BCF2-0CB0E5AD88FB}.Release|Any CPU.Build.0 = Release|Any CPU
		{1F527D86-54DB-46DD-9553-9668B1D77BE8}.Debug|Any CPU.ActiveCfg = Debug|Any CPU
		{1F527D86-54DB-46DD-9553-9668B1D77BE8}.Debug|Any CPU.Build.0 = Debug|Any CPU
		{1F527D86-54DB-46DD-9553-9668B1D77BE8}.Release|Any CPU.ActiveCfg = Release|Any CPU
		{1F527D86-54DB-46DD-9553-9668B1D77BE8}.Release|Any CPU.Build.0 = Release|Any CPU
		{50424EFB-5C5C-4583-8724-961CD213D3C4}.Debug|Any CPU.ActiveCfg = Debug|Any CPU
		{50424EFB-5C5C-4583-8724-961CD213D3C4}.Debug|Any CPU.Build.0 = Debug|Any CPU
		{50424EFB-5C5C-4583-8724-961CD213D3C4}.Release|Any CPU.ActiveCfg = Release|Any CPU
		{50424EFB-5C5C-4583-8724-961CD213D3C4}.Release|Any CPU.Build.0 = Release|Any CPU
	EndGlobalSection
	GlobalSection(SolutionProperties) = preSolution
		HideSolutionNode = FALSE
	EndGlobalSection
	GlobalSection(ExtensibilityGlobals) = postSolution
		SolutionGuid = {BE2CAA7A-1B9A-4915-804D-21CE79048FCF}
	EndGlobalSection
EndGlobal
